<?xml version="1.0" encoding="utf-8"?>
<Project ToolsVersion="4.0" xmlns="http://schemas.microsoft.com/developer/msbuild/2003">
  <ItemGroup>
    <Filter Include="Source Files">
      <UniqueIdentifier>{4FC737F1-C7A5-4376-A066-2A32D752A2FF}</UniqueIdentifier>
      <Extensions>cpp;c;cc;cxx;def;odl;idl;hpj;bat;asm;asmx</Extensions>
    </Filter>
    <Filter Include="Header Files">
      <UniqueIdentifier>{93995380-89BD-4b04-88EB-625FBE52EBFB}</UniqueIdentifier>
      <Extensions>h;hh;hpp;hxx;hm;inl;inc;xsd</Extensions>
    </Filter>
    <Filter Include="Resource Files">
      <UniqueIdentifier>{67DA6AB6-F800-4c08-8B7A-83BB121AAD01}</UniqueIdentifier>
      <Extensions>rc;ico;cur;bmp;dlg;rc2;rct;bin;rgs;gif;jpg;jpeg;jpe;resx;tiff;tif;png;wav;mfcribbon-ms</Extensions>
    </Filter>
    <Filter Include="Source Files\Framework">
      <UniqueIdentifier>{ddfbb351-f790-487c-bb10-44fac2aee582}</UniqueIdentifier>
    </Filter>
    <Filter Include="Header Files\Framework">
      <UniqueIdentifier>{a41ceb1b-9e6b-4fa1-8d72-7c12c9bfa6fc}</UniqueIdentifier>
    </Filter>
    <Filter Include="Header Files\Display Classes">
      <UniqueIdentifier>{7aba5a1f-989b-4b1f-ab8c-ad9e1f6dd649}</UniqueIdentifier>
    </Filter>
    <Filter Include="Source Files\Display Classes">
      <UniqueIdentifier>{117ce1fa-ba6c-419a-bf25-508e53f07268}</UniqueIdentifier>
    </Filter>
    <Filter Include="Header Files\Data">
      <UniqueIdentifier>{edb22da8-a79e-47dc-ba5f-f2e7bd3ccdcc}</UniqueIdentifier>
    </Filter>
    <Filter Include="Source Files\Data">
      <UniqueIdentifier>{a29c97a1-d98a-4daf-ab8a-66945ed299df}</UniqueIdentifier>
    </Filter>
    <Filter Include="Header Files\Text">
      <UniqueIdentifier>{05e07cb4-4b81-40ec-864c-cd2f3b803520}</UniqueIdentifier>
    </Filter>
    <Filter Include="Source Files\Text">
      <UniqueIdentifier>{2dcf23a1-4de1-440c-a84d-fc5242192d39}</UniqueIdentifier>
    </Filter>
  </ItemGroup>
  <ItemGroup>
    <ClCompile Include="Content.cpp">
      <Filter>Source Files</Filter>
    </ClCompile>
    <ClCompile Include="Main.cpp">
      <Filter>Source Files\Framework</Filter>
    </ClCompile>
    <ClCompile Include="Win32Container.cpp">
      <Filter>Source Files\Framework</Filter>
    </ClCompile>
    <ClCompile Include="GraphicsPieChart.cpp">
      <Filter>Source Files\Display Classes</Filter>
    </ClCompile>
    <ClCompile Include="Data.cpp">
      <Filter>Source Files\Data</Filter>
    </ClCompile>
    <ClCompile Include="FileInterface.cpp">
      <Filter>Source Files\Data</Filter>
    </ClCompile>
    <ClCompile Include="GraphicsBarGraph.cpp">
      <Filter>Source Files\Display Classes</Filter>
    </ClCompile>
    <ClCompile Include="GraphicsBase.cpp">
      <Filter>Source Files\Display Classes</Filter>
    </ClCompile>
    <ClCompile Include="ControlWindowContents.cpp">
      <Filter>Source Files</Filter>
    </ClCompile>
    <ClCompile Include="GraphicsScatterPlot2D.cpp">
      <Filter>Source Files\Display Classes</Filter>
    </ClCompile>
    <ClCompile Include="GraphicsScatterPlot3D.cpp">
      <Filter>Source Files\Display Classes</Filter>
    </ClCompile>
    <ClCompile Include="GraphicsLineGraph.cpp">
      <Filter>Source Files\Display Classes</Filter>
    </ClCompile>
    <ClCompile Include="GraphicsSpiderChart.cpp">
      <Filter>Source Files\Display Classes</Filter>
    </ClCompile>
    <ClCompile Include="GLFont.cpp">
      <Filter>Source Files\Text</Filter>
    </ClCompile>
    <ClCompile Include="GUIText.cpp">
      <Filter>Source Files\Text</Filter>
    </ClCompile>
  </ItemGroup>
  <ItemGroup>
    <ClInclude Include="Content.h">
      <Filter>Header Files</Filter>
    </ClInclude>
    <ClInclude Include="Main.h">
      <Filter>Header Files\Framework</Filter>
    </ClInclude>
    <ClInclude Include="Menu.h">
      <Filter>Header Files\Framework</Filter>
    </ClInclude>
    <ClInclude Include="Win32Container.h">
      <Filter>Header Files\Framework</Filter>
    </ClInclude>
    <ClInclude Include="Data.h">
      <Filter>Header Files\Data</Filter>
    </ClInclude>
    <ClInclude Include="FileInterface.h">
      <Filter>Header Files\Data</Filter>
    </ClInclude>
    <ClInclude Include="UsefulStructs.h">
      <Filter>Header Files</Filter>
    </ClInclude>
    <ClInclude Include="GraphicsBase.h">
      <Filter>Header Files\Display Classes</Filter>
    </ClInclude>
    <ClInclude Include="ControlWindowContents.h">
      <Filter>Header Files</Filter>
    </ClInclude>
    <ClInclude Include="GUIText.h">
      <Filter>Header Files\Text</Filter>
    </ClInclude>
    <ClInclude Include="GLFont.h">
      <Filter>Header Files\Text</Filter>
    </ClInclude>
  </ItemGroup>
  <ItemGroup>
    <ResourceCompile Include="Menu.rc">
      <Filter>Resource Files</Filter>
    </ResourceCompile>
  </ItemGroup>
</Project>